
Microsoft Visual Studio Solution File, Format Version 12.00
# Visual Studio Version 16
VisualStudioVersion = 16.0.30517.126
MinimumVisualStudioVersion = 10.0.40219.1
Project("{FAE04EC0-301F-11D3-BF4B-00C04F79EFBC}") = "lttttttt", "lttttttt\lttttttt.csproj", "{C0EB8483-2D73-45D9-9A18-E94929F4CD61}"
EndProject
Project("{2150E333-8FDC-42A3-9474-1A3956D46DE8}") = "NewFolder1", "NewFolder1", "{8088607E-E71E-458F-957C-9F3968E897B4}"
EndProject
Global
	GlobalSection(SolutionConfigurationPlatforms) = preSolution
		Debug|Any CPU = Debug|Any CPU
		Release|Any CPU = Release|Any CPU
	EndGlobalSection
	GlobalSection(ProjectConfigurationPlatforms) = postSolution
		{C0EB8483-2D73-45D9-9A18-E94929F4CD61}.Debug|Any CPU.ActiveCfg = Debug|Any CPU
		{C0EB8483-2D73-45D9-9A18-E94929F4CD61}.Debug|Any CPU.Build.0 = Debug|Any CPU
		{C0EB8483-2D73-45D9-9A18-E94929F4CD61}.Release|Any CPU.ActiveCfg = Release|Any CPU
		{C0EB8483-2D73-45D9-9A18-E94929F4CD61}.Release|Any CPU.Build.0 = Release|Any CPU
	EndGlobalSection
	GlobalSection(SolutionProperties) = preSolution
		HideSolutionNode = FALSE
	EndGlobalSection
	GlobalSection(ExtensibilityGlobals) = postSolution
		SolutionGuid = {90454597-1E31-4798-99A8-1C17E248AEE9}
	EndGlobalSection
EndGlobal
